// !$*UTF8*$!
{
	archiveVersion = 1;
	classes = {
	};
	objectVersion = 50;
	objects = {

/* Begin PBXBuildFile section */
		27406090240441AF00084C7B /* SplashScreen.storyboard in Resources */ = {isa = PBXBuildFile; fileRef = 2740608F240441AF00084C7B /* SplashScreen.storyboard */; };
		2740609224044ECC00084C7B /* TabViewController.swift in Sources */ = {isa = PBXBuildFile; fileRef = 2740609124044ECC00084C7B /* TabViewController.swift */; };
		2740609424044FB200084C7B /* ComputeViewController.swift in Sources */ = {isa = PBXBuildFile; fileRef = 2740609324044FB200084C7B /* ComputeViewController.swift */; };
		27406096240450EE00084C7B /* HistoryViewController.swift in Sources */ = {isa = PBXBuildFile; fileRef = 27406095240450EE00084C7B /* HistoryViewController.swift */; };
		274060982404510400084C7B /* SettingViewController.swift in Sources */ = {isa = PBXBuildFile; fileRef = 274060972404510400084C7B /* SettingViewController.swift */; };
		2745C546240E4DB90048D704 /* HistoryGroupCellView.xib in Resources */ = {isa = PBXBuildFile; fileRef = 2745C545240E4DB90048D704 /* HistoryGroupCellView.xib */; };
		2745C548240E4DE50048D704 /* HistoryGroupCellViewController.swift in Sources */ = {isa = PBXBuildFile; fileRef = 2745C547240E4DE50048D704 /* HistoryGroupCellViewController.swift */; };
		2791AE0F2403C7B2009AADC5 /* AppDelegate.swift in Sources */ = {isa = PBXBuildFile; fileRef = 2791AE0E2403C7B2009AADC5 /* AppDelegate.swift */; };
		2791AE132403C7B2009AADC5 /* SplashView.swift in Sources */ = {isa = PBXBuildFile; fileRef = 2791AE122403C7B2009AADC5 /* SplashView.swift */; };
		2791AE162403C7B2009AADC5 /* Main.storyboard in Resources */ = {isa = PBXBuildFile; fileRef = 2791AE142403C7B2009AADC5 /* Main.storyboard */; };
		2791AE182403C7C0009AADC5 /* Assets.xcassets in Resources */ = {isa = PBXBuildFile; fileRef = 2791AE172403C7C0009AADC5 /* Assets.xcassets */; };
		2791AE1B2403C7C0009AADC5 /* LaunchScreen.storyboard in Resources */ = {isa = PBXBuildFile; fileRef = 2791AE192403C7C0009AADC5 /* LaunchScreen.storyboard */; };
		279508D124077877001E390E /* Compute.swift in Sources */ = {isa = PBXBuildFile; fileRef = 279508D024077877001E390E /* Compute.swift */; };
		279508D424079DF1001E390E /* ComputeViewCell.swift in Sources */ = {isa = PBXBuildFile; fileRef = 279508D324079DF1001E390E /* ComputeViewCell.swift */; };
/* End PBXBuildFile section */

/* Begin PBXFileReference section */
		2740608F240441AF00084C7B /* SplashScreen.storyboard */ = {isa = PBXFileReference; lastKnownFileType = file.storyboard; path = SplashScreen.storyboard; sourceTree = "<group>"; };
		2740609124044ECC00084C7B /* TabViewController.swift */ = {isa = PBXFileReference; lastKnownFileType = sourcecode.swift; path = TabViewController.swift; sourceTree = "<group>"; };
		2740609324044FB200084C7B /* ComputeViewController.swift */ = {isa = PBXFileReference; lastKnownFileType = sourcecode.swift; path = ComputeViewController.swift; sourceTree = "<group>"; };
		27406095240450EE00084C7B /* HistoryViewController.swift */ = {isa = PBXFileReference; lastKnownFileType = sourcecode.swift; path = HistoryViewController.swift; sourceTree = "<group>"; };
		274060972404510400084C7B /* SettingViewController.swift */ = {isa = PBXFileReference; lastKnownFileType = sourcecode.swift; path = SettingViewController.swift; sourceTree = "<group>"; };
		2745C545240E4DB90048D704 /* HistoryGroupCellView.xib */ = {isa = PBXFileReference; lastKnownFileType = file.xib; path = HistoryGroupCellView.xib; sourceTree = "<group>"; };
		2745C547240E4DE50048D704 /* HistoryGroupCellViewController.swift */ = {isa = PBXFileReference; lastKnownFileType = sourcecode.swift; path = HistoryGroupCellViewController.swift; sourceTree = "<group>"; };
		2791AE0B2403C7B2009AADC5 /* FinancialApp.app */ = {isa = PBXFileReference; explicitFileType = wrapper.application; includeInIndex = 0; path = FinancialApp.app; sourceTree = BUILT_PRODUCTS_DIR; };
		2791AE0E2403C7B2009AADC5 /* AppDelegate.swift */ = {isa = PBXFileReference; lastKnownFileType = sourcecode.swift; path = AppDelegate.swift; sourceTree = "<group>"; };
		2791AE122403C7B2009AADC5 /* SplashView.swift */ = {isa = PBXFileReference; lastKnownFileType = sourcecode.swift; path = SplashView.swift; sourceTree = "<group>"; };
		2791AE152403C7B2009AADC5 /* Base */ = {isa = PBXFileReference; lastKnownFileType = file.storyboard; name = Base; path = Base.lproj/Main.storyboard; sourceTree = "<group>"; };
		2791AE172403C7C0009AADC5 /* Assets.xcassets */ = {isa = PBXFileReference; lastKnownFileType = folder.assetcatalog; path = Assets.xcassets; sourceTree = "<group>"; };
		2791AE1A2403C7C0009AADC5 /* Base */ = {isa = PBXFileReference; lastKnownFileType = file.storyboard; name = Base; path = Base.lproj/LaunchScreen.storyboard; sourceTree = "<group>"; };
		2791AE1C2403C7C0009AADC5 /* Info.plist */ = {isa = PBXFileReference; lastKnownFileType = text.plist.xml; path = Info.plist; sourceTree = "<group>"; };
		279508D024077877001E390E /* Compute.swift */ = {isa = PBXFileReference; lastKnownFileType = sourcecode.swift; path = Compute.swift; sourceTree = "<group>"; };
		279508D324079DF1001E390E /* ComputeViewCell.swift */ = {isa = PBXFileReference; lastKnownFileType = sourcecode.swift; path = ComputeViewCell.swift; sourceTree = "<group>"; };
/* End PBXFileReference section */

/* Begin PBXFrameworksBuildPhase section */
		2791AE082403C7B2009AADC5 /* Frameworks */ = {
			isa = PBXFrameworksBuildPhase;
			buildActionMask = 2147483647;
			files = (
			);
			runOnlyForDeploymentPostprocessing = 0;
		};
/* End PBXFrameworksBuildPhase section */

/* Begin PBXGroup section */
		2745C544240E4D700048D704 /* HIstoryCustomCell */ = {
			isa = PBXGroup;
			children = (
				2745C545240E4DB90048D704 /* HistoryGroupCellView.xib */,
				2745C547240E4DE50048D704 /* HistoryGroupCellViewController.swift */,
			);
			path = HIstoryCustomCell;
			sourceTree = "<group>";
		};
		2791AE022403C7B2009AADC5 = {
			isa = PBXGroup;
			children = (
				2791AE0D2403C7B2009AADC5 /* FinancialApp */,
				2791AE0C2403C7B2009AADC5 /* Products */,
			);
			sourceTree = "<group>";
		};
		2791AE0C2403C7B2009AADC5 /* Products */ = {
			isa = PBXGroup;
			children = (
				2791AE0B2403C7B2009AADC5 /* FinancialApp.app */,
			);
			name = Products;
			sourceTree = "<group>";
		};
		2791AE0D2403C7B2009AADC5 /* FinancialApp */ = {
			isa = PBXGroup;
			children = (
				279508D224079DD7001E390E /* Helper */,
				2791AE2524040050009AADC5 /* Services */,
				2791AE2424040023009AADC5 /* Model */,
				2791AE2324040010009AADC5 /* Controller */,
				2791AE222403FFBF009AADC5 /* View */,
				2791AE0E2403C7B2009AADC5 /* AppDelegate.swift */,
				2791AE172403C7C0009AADC5 /* Assets.xcassets */,
				2791AE1C2403C7C0009AADC5 /* Info.plist */,
			);
			path = FinancialApp;
			sourceTree = "<group>";
		};
		2791AE222403FFBF009AADC5 /* View */ = {
			isa = PBXGroup;
			children = (
				279508D524084FE6001E390E /* CustomCells */,
				2791AE142403C7B2009AADC5 /* Main.storyboard */,
				2791AE192403C7C0009AADC5 /* LaunchScreen.storyboard */,
				2740608F240441AF00084C7B /* SplashScreen.storyboard */,
			);
			path = View;
			sourceTree = "<group>";
		};
		2791AE2324040010009AADC5 /* Controller */ = {
			isa = PBXGroup;
			children = (
				2791AE122403C7B2009AADC5 /* SplashView.swift */,
				2740609124044ECC00084C7B /* TabViewController.swift */,
				2740609324044FB200084C7B /* ComputeViewController.swift */,
				27406095240450EE00084C7B /* HistoryViewController.swift */,
				274060972404510400084C7B /* SettingViewController.swift */,
			);
			path = Controller;
			sourceTree = "<group>";
		};
		2791AE2424040023009AADC5 /* Model */ = {
			isa = PBXGroup;
			children = (
				279508D024077877001E390E /* Compute.swift */,
			);
			path = Model;
			sourceTree = "<group>";
		};
		2791AE2524040050009AADC5 /* Services */ = {
			isa = PBXGroup;
			children = (
			);
			path = Services;
			sourceTree = "<group>";
		};
		279508D224079DD7001E390E /* Helper */ = {
			isa = PBXGroup;
			children = (
				279508D324079DF1001E390E /* ComputeViewCell.swift */,
			);
			path = Helper;
			sourceTree = "<group>";
		};
		279508D524084FE6001E390E /* CustomCells */ = {
			isa = PBXGroup;
			children = (
				2745C544240E4D700048D704 /* HIstoryCustomCell */,
			);
			path = CustomCells;
			sourceTree = "<group>";
		};
/* End PBXGroup section */

/* Begin PBXNativeTarget section */
		2791AE0A2403C7B2009AADC5 /* FinancialApp */ = {
			isa = PBXNativeTarget;
			buildConfigurationList = 2791AE1F2403C7C0009AADC5 /* Build configuration list for PBXNativeTarget "FinancialApp" */;
			buildPhases = (
				2791AE072403C7B2009AADC5 /* Sources */,
				2791AE082403C7B2009AADC5 /* Frameworks */,
				2791AE092403C7B2009AADC5 /* Resources */,
			);
			buildRules = (
			);
			dependencies = (
			);
			name = FinancialApp;
			productName = FinancialApp;
			productReference = 2791AE0B2403C7B2009AADC5 /* FinancialApp.app */;
			productType = "com.apple.product-type.application";
		};
/* End PBXNativeTarget section */

/* Begin PBXProject section */
		2791AE032403C7B2009AADC5 /* Project object */ = {
			isa = PBXProject;
			attributes = {
				LastSwiftUpdateCheck = 1120;
				LastUpgradeCheck = 1120;
				ORGANIZATIONNAME = "Dilan Tharidu Sangeeth";
				TargetAttributes = {
					2791AE0A2403C7B2009AADC5 = {
						CreatedOnToolsVersion = 11.2.1;
					};
				};
			};
			buildConfigurationList = 2791AE062403C7B2009AADC5 /* Build configuration list for PBXProject "FinancialApp" */;
			compatibilityVersion = "Xcode 9.3";
			developmentRegion = en;
			hasScannedForEncodings = 0;
			knownRegions = (
				en,
				Base,
			);
			mainGroup = 2791AE022403C7B2009AADC5;
			productRefGroup = 2791AE0C2403C7B2009AADC5 /* Products */;
			projectDirPath = "";
			projectRoot = "";
			targets = (
				2791AE0A2403C7B2009AADC5 /* FinancialApp */,
			);
		};
/* End PBXProject section */

/* Begin PBXResourcesBuildPhase section */
		2791AE092403C7B2009AADC5 /* Resources */ = {
			isa = PBXResourcesBuildPhase;
			buildActionMask = 2147483647;
			files = (
				2791AE1B2403C7C0009AADC5 /* LaunchScreen.storyboard in Resources */,
				2745C546240E4DB90048D704 /* HistoryGroupCellView.xib in Resources */,
				27406090240441AF00084C7B /* SplashScreen.storyboard in Resources */,
				2791AE182403C7C0009AADC5 /* Assets.xcassets in Resources */,
				2791AE162403C7B2009AADC5 /* Main.storyboard in Resources */,
			);
			runOnlyForDeploymentPostprocessing = 0;
		};
/* End PBXResourcesBuildPhase section */

/* Begin PBXSourcesBuildPhase section */
		2791AE072403C7B2009AADC5 /* Sources */ = {
			isa = PBXSourcesBuildPhase;
			buildActionMask = 2147483647;
			files = (
				279508D424079DF1001E390E /* ComputeViewCell.swift in Sources */,
				2740609224044ECC00084C7B /* TabViewController.swift in Sources */,
				2740609424044FB200084C7B /* ComputeViewController.swift in Sources */,
				2791AE132403C7B2009AADC5 /* SplashView.swift in Sources */,
				2745C548240E4DE50048D704 /* HistoryGroupCellViewController.swift in Sources */,
				27406096240450EE00084C7B /* HistoryViewController.swift in Sources */,
				2791AE0F2403C7B2009AADC5 /* AppDelegate.swift in Sources */,
				279508D124077877001E390E /* Compute.swift in Sources */,
				274060982404510400084C7B /* SettingViewController.swift in Sources */,
			);
			runOnlyForDeploymentPostprocessing = 0;
		};
/* End PBXSourcesBuildPhase section */

/* Begin PBXVariantGroup section */
		2791AE142403C7B2009AADC5 /* Main.storyboard */ = {
			isa = PBXVariantGroup;
			children = (
				2791AE152403C7B2009AADC5 /* Base */,
			);
			name = Main.storyboard;
			sourceTree = "<group>";
		};
		2791AE192403C7C0009AADC5 /* LaunchScreen.storyboard */ = {
			isa = PBXVariantGroup;
			children = (
				2791AE1A2403C7C0009AADC5 /* Base */,
			);
			name = LaunchScreen.storyboard;
			sourceTree = "<group>";
		};
/* End PBXVariantGroup section */

/* Begin XCBuildConfiguration section */
		2791AE1D2403C7C0009AADC5 /* Debug */ = {
			isa = XCBuildConfiguration;
			buildSettings = {
				ALWAYS_SEARCH_USER_PATHS = NO;
				CLANG_ANALYZER_NONNULL = YES;
				CLANG_ANALYZER_NUMBER_OBJECT_CONVERSION = YES_AGGRESSIVE;
				CLANG_CXX_LANGUAGE_STANDARD = "gnu++14";
				CLANG_CXX_LIBRARY = "libc++";
				CLANG_ENABLE_MODULES = YES;
				CLANG_ENABLE_OBJC_ARC = YES;
				CLANG_ENABLE_OBJC_WEAK = YES;
				CLANG_WARN_BLOCK_CAPTURE_AUTORELEASING = YES;
				CLANG_WARN_BOOL_CONVERSION = YES;
				CLANG_WARN_COMMA = YES;
				CLANG_WARN_CONSTANT_CONVERSION = YES;
				CLANG_WARN_DEPRECATED_OBJC_IMPLEMENTATIONS = YES;
				CLANG_WARN_DIRECT_OBJC_ISA_USAGE = YES_ERROR;
				CLANG_WARN_DOCUMENTATION_COMMENTS = YES;
				CLANG_WARN_EMPTY_BODY = YES;
				CLANG_WARN_ENUM_CONVERSION = YES;
				CLANG_WARN_INFINITE_RECURSION = YES;
				CLANG_WARN_INT_CONVERSION = YES;
				CLANG_WARN_NON_LITERAL_NULL_CONVERSION = YES;
				CLANG_WARN_OBJC_IMPLICIT_RETAIN_SELF = YES;
				CLANG_WARN_OBJC_LITERAL_CONVERSION = YES;
				CLANG_WARN_OBJC_ROOT_CLASS = YES_ERROR;
				CLANG_WARN_RANGE_LOOP_ANALYSIS = YES;
				CLANG_WARN_STRICT_PROTOTYPES = YES;
				CLANG_WARN_SUSPICIOUS_MOVE = YES;
				CLANG_WARN_UNGUARDED_AVAILABILITY = YES_AGGRESSIVE;
				CLANG_WARN_UNREACHABLE_CODE = YES;
				CLANG_WARN__DUPLICATE_METHOD_MATCH = YES;
				COPY_PHASE_STRIP = NO;
				DEBUG_INFORMATION_FORMAT = dwarf;
				ENABLE_STRICT_OBJC_MSGSEND = YES;
				ENABLE_TESTABILITY = YES;
				GCC_C_LANGUAGE_STANDARD = gnu11;
				GCC_DYNAMIC_NO_PIC = NO;
				GCC_NO_COMMON_BLOCKS = YES;
				GCC_OPTIMIZATION_LEVEL = 0;
				GCC_PREPROCESSOR_DEFINITIONS = (
					"DEBUG=1",
					"$(inherited)",
				);
				GCC_WARN_64_TO_32_BIT_CONVERSION = YES;
				GCC_WARN_ABOUT_RETURN_TYPE = YES_ERROR;
				GCC_WARN_UNDECLARED_SELECTOR = YES;
				GCC_WARN_UNINITIALIZED_AUTOS = YES_AGGRESSIVE;
				GCC_WARN_UNUSED_FUNCTION = YES;
				GCC_WARN_UNUSED_VARIABLE = YES;
				IPHONEOS_DEPLOYMENT_TARGET = 13.2;
				MTL_ENABLE_DEBUG_INFO = INCLUDE_SOURCE;
				MTL_FAST_MATH = YES;
				ONLY_ACTIVE_ARCH = YES;
				SDKROOT = iphoneos;
				SWIFT_ACTIVE_COMPILATION_CONDITIONS = DEBUG;
				SWIFT_OPTIMIZATION_LEVEL = "-Onone";
			};
			name = Debug;
		};
		2791AE1E2403C7C0009AADC5 /* Release */ = {
			isa = XCBuildConfiguration;
			buildSettings = {
				ALWAYS_SEARCH_USER_PATHS = NO;
				CLANG_ANALYZER_NONNULL = YES;
				CLANG_ANALYZER_NUMBER_OBJECT_CONVERSION = YES_AGGRESSIVE;
				CLANG_CXX_LANGUAGE_STANDARD = "gnu++14";
				CLANG_CXX_LIBRARY = "libc++";
				CLANG_ENABLE_MODULES = YES;
				CLANG_ENABLE_OBJC_ARC = YES;
				CLANG_ENABLE_OBJC_WEAK = YES;
				CLANG_WARN_BLOCK_CAPTURE_AUTORELEASING = YES;
				CLANG_WARN_BOOL_CONVERSION = YES;
				CLANG_WARN_COMMA = YES;
				CLANG_WARN_CONSTANT_CONVERSION = YES;
				CLANG_WARN_DEPRECATED_OBJC_IMPLEMENTATIONS = YES;
				CLANG_WARN_DIRECT_OBJC_ISA_USAGE = YES_ERROR;
				CLANG_WARN_DOCUMENTATION_COMMENTS = YES;
				CLANG_WARN_EMPTY_BODY = YES;
				CLANG_WARN_ENUM_CONVERSION = YES;
				CLANG_WARN_INFINITE_RECURSION = YES;
				CLANG_WARN_INT_CONVERSION = YES;
				CLANG_WARN_NON_LITERAL_NULL_CONVERSION = YES;
				CLANG_WARN_OBJC_IMPLICIT_RETAIN_SELF = YES;
				CLANG_WARN_OBJC_LITERAL_CONVERSION = YES;
				CLANG_WARN_OBJC_ROOT_CLASS = YES_ERROR;
				CLANG_WARN_RANGE_LOOP_ANALYSIS = YES;
				CLANG_WARN_STRICT_PROTOTYPES = YES;
				CLANG_WARN_SUSPICIOUS_MOVE = YES;
				CLANG_WARN_UNGUARDED_AVAILABILITY = YES_AGGRESSIVE;
				CLANG_WARN_UNREACHABLE_CODE = YES;
				CLANG_WARN__DUPLICATE_METHOD_MATCH = YES;
				COPY_PHASE_STRIP = NO;
				DEBUG_INFORMATION_FORMAT = "dwarf-with-dsym";
				ENABLE_NS_ASSERTIONS = NO;
				ENABLE_STRICT_OBJC_MSGSEND = YES;
				GCC_C_LANGUAGE_STANDARD = gnu11;
				GCC_NO_COMMON_BLOCKS = YES;
				GCC_WARN_64_TO_32_BIT_CONVERSION = YES;
				GCC_WARN_ABOUT_RETURN_TYPE = YES_ERROR;
				GCC_WARN_UNDECLARED_SELECTOR = YES;
				GCC_WARN_UNINITIALIZED_AUTOS = YES_AGGRESSIVE;
				GCC_WARN_UNUSED_FUNCTION = YES;
				GCC_WARN_UNUSED_VARIABLE = YES;
				IPHONEOS_DEPLOYMENT_TARGET = 13.2;
				MTL_ENABLE_DEBUG_INFO = NO;
				MTL_FAST_MATH = YES;
				SDKROOT = iphoneos;
				SWIFT_COMPILATION_MODE = wholemodule;
				SWIFT_OPTIMIZATION_LEVEL = "-O";
				VALIDATE_PRODUCT = YES;
			};
			name = Release;
		};
		2791AE202403C7C0009AADC5 /* Debug */ = {
			isa = XCBuildConfiguration;
			buildSettings = {
				ASSETCATALOG_COMPILER_APPICON_NAME = AppIcon;
				CODE_SIGN_STYLE = Automatic;
				DEVELOPMENT_TEAM = VPCTKJ4VZL;
				INFOPLIST_FILE = FinancialApp/Info.plist;
				IPHONEOS_DEPLOYMENT_TARGET = 12.1;
				LD_RUNPATH_SEARCH_PATHS = (
					"$(inherited)",
					"@executable_path/Frameworks",
				);
				PRODUCT_BUNDLE_IDENTIFIER = com.sangeeth.FinancialApp;
				PRODUCT_NAME = "$(TARGET_NAME)";
				SWIFT_VERSION = 5.0;
				TARGETED_DEVICE_FAMILY = "1,2";
			};
			name = Debug;
		};
		2791AE212403C7C0009AADC5 /* Release */ = {
			isa = XCBuildConfiguration;
			buildSettings = {
				ASSETCATALOG_COMPILER_APPICON_NAME = AppIcon;
				CODE_SIGN_STYLE = Automatic;
				DEVELOPMENT_TEAM = VPCTKJ4VZL;
				INFOPLIST_FILE = FinancialApp/Info.plist;
				IPHONEOS_DEPLOYMENT_TARGET = 12.1;
				LD_RUNPATH_SEARCH_PATHS = (
					"$(inherited)",
					"@executable_path/Frameworks",
				);
				PRODUCT_BUNDLE_IDENTIFIER = com.sangeeth.FinancialApp;
				PRODUCT_NAME = "$(TARGET_NAME)";
				SWIFT_VERSION = 5.0;
				TARGETED_DEVICE_FAMILY = "1,2";
			};
			name = Release;
		};
/* End XCBuildConfiguration section */

/* Begin XCConfigurationList section */
		2791AE062403C7B2009AADC5 /* Build configuration list for PBXProject "FinancialApp" */ = {
			isa = XCConfigurationList;
			buildConfigurations = (
				2791AE1D2403C7C0009AADC5 /* Debug */,
				2791AE1E2403C7C0009AADC5 /* Release */,
			);
			defaultConfigurationIsVisible = 0;
			defaultConfigurationName = Release;
		};
		2791AE1F2403C7C0009AADC5 /* Build configuration list for PBXNativeTarget "FinancialApp" */ = {
			isa = XCConfigurationList;
			buildConfigurations = (
				2791AE202403C7C0009AADC5 /* Debug */,
				2791AE212403C7C0009AADC5 /* Release */,
			);
			defaultConfigurationIsVisible = 0;
			defaultConfigurationName = Release;
		};
/* End XCConfigurationList section */
	};
	rootObject = 2791AE032403C7B2009AADC5 /* Project object */;
}
